
Microsoft Visual Studio Solution File, Format Version 12.00
# Visual Studio Version 18
VisualStudioVersion = 18.5.11716.220 stable
MinimumVisualStudioVersion = 10.0.40219.1
Project("{E24C65DC-7377-472B-9ABA-BC803B73C61A}") = "OCI", ".", "{DFD0AB38-4735-83FD-A3D7-D3CF35BD8D4B}"
	ProjectSection(WebsiteProperties) = preProject
		Debug.AspNetCompiler.VirtualPath = "/localhost_50863"
		Debug.AspNetCompiler.PhysicalPath = "D:\Github\Shared\OCI\"
		Debug.AspNetCompiler.TargetPath = "PrecompiledWeb\localhost_50863\"
		Debug.AspNetCompiler.Updateable = "true"
		Debug.AspNetCompiler.ForceOverwrite = "true"
		Debug.AspNetCompiler.FixedNames = "false"
		Debug.AspNetCompiler.Debug = "True"
		Release.AspNetCompiler.VirtualPath = "/localhost_50863"
		Release.AspNetCompiler.PhysicalPath = "D:\Github\Shared\OCI\"
		Release.AspNetCompiler.TargetPath = "PrecompiledWeb\localhost_50863\"
		Release.AspNetCompiler.Updateable = "true"
		Release.AspNetCompiler.ForceOverwrite = "true"
		Release.AspNetCompiler.FixedNames = "false"
		Release.AspNetCompiler.Debug = "False"
		VWDPort = "50863"
	EndProjectSection
EndProject
Global
	GlobalSection(SolutionConfigurationPlatforms) = preSolution
		Debug|Any CPU = Debug|Any CPU
	EndGlobalSection
	GlobalSection(ProjectConfigurationPlatforms) = postSolution
		{DFD0AB38-4735-83FD-A3D7-D3CF35BD8D4B}.Debug|Any CPU.ActiveCfg = Debug|Any CPU
		{DFD0AB38-4735-83FD-A3D7-D3CF35BD8D4B}.Debug|Any CPU.Build.0 = Debug|Any CPU
	EndGlobalSection
	GlobalSection(SolutionProperties) = preSolution
		HideSolutionNode = FALSE
	EndGlobalSection
	GlobalSection(ExtensibilityGlobals) = postSolution
		SolutionGuid = {01FCCADA-DA0D-4330-906B-94DD7FE1BDDA}
	EndGlobalSection
EndGlobal
