
Microsoft Visual Studio Solution File, Format Version 12.00
# Visual Studio Version 18
VisualStudioVersion = 18.4.11626.88 stable
MinimumVisualStudioVersion = 10.0.40219.1
Project("{E24C65DC-7377-472B-9ABA-BC803B73C61A}") = "MarketingPackages", ".", "{9C8C2E0D-16BA-5191-90E3-0634B25D7FDA}"
	ProjectSection(WebsiteProperties) = preProject
		Debug.AspNetCompiler.VirtualPath = "/localhost_64328"
		Debug.AspNetCompiler.PhysicalPath = "D:\Github\Shared\OCI\Marketing\MarketingPackages\"
		Debug.AspNetCompiler.TargetPath = "PrecompiledWeb\localhost_64328\"
		Debug.AspNetCompiler.Updateable = "true"
		Debug.AspNetCompiler.ForceOverwrite = "true"
		Debug.AspNetCompiler.FixedNames = "false"
		Debug.AspNetCompiler.Debug = "True"
		Release.AspNetCompiler.VirtualPath = "/localhost_64328"
		Release.AspNetCompiler.PhysicalPath = "D:\Github\Shared\OCI\Marketing\MarketingPackages\"
		Release.AspNetCompiler.TargetPath = "PrecompiledWeb\localhost_64328\"
		Release.AspNetCompiler.Updateable = "true"
		Release.AspNetCompiler.ForceOverwrite = "true"
		Release.AspNetCompiler.FixedNames = "false"
		Release.AspNetCompiler.Debug = "False"
		VWDPort = "64328"
	EndProjectSection
EndProject
Global
	GlobalSection(SolutionConfigurationPlatforms) = preSolution
		Debug|Any CPU = Debug|Any CPU
	EndGlobalSection
	GlobalSection(ProjectConfigurationPlatforms) = postSolution
		{9C8C2E0D-16BA-5191-90E3-0634B25D7FDA}.Debug|Any CPU.ActiveCfg = Debug|Any CPU
		{9C8C2E0D-16BA-5191-90E3-0634B25D7FDA}.Debug|Any CPU.Build.0 = Debug|Any CPU
	EndGlobalSection
	GlobalSection(SolutionProperties) = preSolution
		HideSolutionNode = FALSE
	EndGlobalSection
	GlobalSection(ExtensibilityGlobals) = postSolution
		SolutionGuid = {B881B17F-3C1A-4745-BDBE-180F4F7F3949}
	EndGlobalSection
EndGlobal
